
Microsoft Visual Studio Solution File, Format Version 12.00
# Visual Studio Version 16
VisualStudioVersion = 16.0.29911.84
MinimumVisualStudioVersion = 10.0.40219.1
Project("{FAE04EC0-301F-11D3-BF4B-00C04F79EFBC}") = "ThirdRestaurant", "ThirdRestaurant.csproj", "{9CCBD7FB-3EE7-4383-B915-B2E86D246886}"
EndProject
Global
	GlobalSection(SolutionConfigurationPlatforms) = preSolution
		Debug|Any CPU = Debug|Any CPU
		Release|Any CPU = Release|Any CPU
	EndGlobalSection
	GlobalSection(ProjectConfigurationPlatforms) = postSolution
		{9CCBD7FB-3EE7-4383-B915-B2E86D246886}.Debug|Any CPU.ActiveCfg = Debug|Any CPU
		{9CCBD7FB-3EE7-4383-B915-B2E86D246886}.Debug|Any CPU.Build.0 = Debug|Any CPU
		{9CCBD7FB-3EE7-4383-B915-B2E86D246886}.Release|Any CPU.ActiveCfg = Release|Any CPU
		{9CCBD7FB-3EE7-4383-B915-B2E86D246886}.Release|Any CPU.Build.0 = Release|Any CPU
	EndGlobalSection
	GlobalSection(SolutionProperties) = preSolution
		HideSolutionNode = FALSE
	EndGlobalSection
	GlobalSection(ExtensibilityGlobals) = postSolution
		SolutionGuid = {898C1C02-E783-4953-A0BF-BC60FE8322C5}
	EndGlobalSection
EndGlobal
