
Microsoft Visual Studio Solution File, Format Version 12.00
# Visual Studio 15
VisualStudioVersion = 15.0.27703.2047
MinimumVisualStudioVersion = 10.0.40219.1
Project("{FAE04EC0-301F-11D3-BF4B-00C04F79EFBC}") = "WindowsFormsApp3", "WindowsFormsApp3\WindowsFormsApp3.csproj", "{1A6EBA2C-A542-4290-BAE5-7625E9F6A4F1}"
EndProject
Global
	GlobalSection(SolutionConfigurationPlatforms) = preSolution
		Debug|Any CPU = Debug|Any CPU
		Release|Any CPU = Release|Any CPU
	EndGlobalSection
	GlobalSection(ProjectConfigurationPlatforms) = postSolution
		{1A6EBA2C-A542-4290-BAE5-7625E9F6A4F1}.Debug|Any CPU.ActiveCfg = Debug|Any CPU
		{1A6EBA2C-A542-4290-BAE5-7625E9F6A4F1}.Debug|Any CPU.Build.0 = Debug|Any CPU
		{1A6EBA2C-A542-4290-BAE5-7625E9F6A4F1}.Release|Any CPU.ActiveCfg = Release|Any CPU
		{1A6EBA2C-A542-4290-BAE5-7625E9F6A4F1}.Release|Any CPU.Build.0 = Release|Any CPU
	EndGlobalSection
	GlobalSection(SolutionProperties) = preSolution
		HideSolutionNode = FALSE
	EndGlobalSection
	GlobalSection(ExtensibilityGlobals) = postSolution
		SolutionGuid = {FE390023-9E68-41F9-9960-BDC09940EA1A}
	EndGlobalSection
EndGlobal
