
Microsoft Visual Studio Solution File, Format Version 12.00
# Visual Studio Version 16
VisualStudioVersion = 16.0.29911.84
MinimumVisualStudioVersion = 10.0.40219.1
Project("{FAE04EC0-301F-11D3-BF4B-00C04F79EFBC}") = "ComputerCenter", "ComputerCenter.csproj", "{160250C9-5B7C-4B8D-AA0D-829156A837FD}"
EndProject
Global
	GlobalSection(SolutionConfigurationPlatforms) = preSolution
		Debug|Any CPU = Debug|Any CPU
		Release|Any CPU = Release|Any CPU
	EndGlobalSection
	GlobalSection(ProjectConfigurationPlatforms) = postSolution
		{160250C9-5B7C-4B8D-AA0D-829156A837FD}.Debug|Any CPU.ActiveCfg = Debug|Any CPU
		{160250C9-5B7C-4B8D-AA0D-829156A837FD}.Debug|Any CPU.Build.0 = Debug|Any CPU
		{160250C9-5B7C-4B8D-AA0D-829156A837FD}.Release|Any CPU.ActiveCfg = Release|Any CPU
		{160250C9-5B7C-4B8D-AA0D-829156A837FD}.Release|Any CPU.Build.0 = Release|Any CPU
	EndGlobalSection
	GlobalSection(SolutionProperties) = preSolution
		HideSolutionNode = FALSE
	EndGlobalSection
	GlobalSection(ExtensibilityGlobals) = postSolution
		SolutionGuid = {35648C90-D262-4F98-8077-042E479A748F}
	EndGlobalSection
EndGlobal
