
Microsoft Visual Studio Solution File, Format Version 12.00
# Visual Studio Version 16
VisualStudioVersion = 16.0.29911.84
MinimumVisualStudioVersion = 10.0.40219.1
Project("{FAE04EC0-301F-11D3-BF4B-00C04F79EFBC}") = "FourthRestaurant", "FourthRestaurant.csproj", "{00EA192B-65D3-43DD-83FD-318E4CFB8F57}"
EndProject
Global
	GlobalSection(SolutionConfigurationPlatforms) = preSolution
		Debug|Any CPU = Debug|Any CPU
		Release|Any CPU = Release|Any CPU
	EndGlobalSection
	GlobalSection(ProjectConfigurationPlatforms) = postSolution
		{00EA192B-65D3-43DD-83FD-318E4CFB8F57}.Debug|Any CPU.ActiveCfg = Debug|Any CPU
		{00EA192B-65D3-43DD-83FD-318E4CFB8F57}.Debug|Any CPU.Build.0 = Debug|Any CPU
		{00EA192B-65D3-43DD-83FD-318E4CFB8F57}.Release|Any CPU.ActiveCfg = Release|Any CPU
		{00EA192B-65D3-43DD-83FD-318E4CFB8F57}.Release|Any CPU.Build.0 = Release|Any CPU
	EndGlobalSection
	GlobalSection(SolutionProperties) = preSolution
		HideSolutionNode = FALSE
	EndGlobalSection
	GlobalSection(ExtensibilityGlobals) = postSolution
		SolutionGuid = {CCD837B4-8D5F-47E3-8EBB-5B91400F6433}
	EndGlobalSection
EndGlobal
