
Microsoft Visual Studio Solution File, Format Version 12.00
# Visual Studio 15
VisualStudioVersion = 15.0.27703.2047
MinimumVisualStudioVersion = 10.0.40219.1
Project("{FAE04EC0-301F-11D3-BF4B-00C04F79EFBC}") = "HomeWork6", "HomeWork6\HomeWork6.csproj", "{DC52EF01-D41C-4CA2-8419-9AD4AA77DD2A}"
EndProject
Global
	GlobalSection(SolutionConfigurationPlatforms) = preSolution
		Debug|Any CPU = Debug|Any CPU
		Release|Any CPU = Release|Any CPU
	EndGlobalSection
	GlobalSection(ProjectConfigurationPlatforms) = postSolution
		{DC52EF01-D41C-4CA2-8419-9AD4AA77DD2A}.Debug|Any CPU.ActiveCfg = Debug|Any CPU
		{DC52EF01-D41C-4CA2-8419-9AD4AA77DD2A}.Debug|Any CPU.Build.0 = Debug|Any CPU
		{DC52EF01-D41C-4CA2-8419-9AD4AA77DD2A}.Release|Any CPU.ActiveCfg = Release|Any CPU
		{DC52EF01-D41C-4CA2-8419-9AD4AA77DD2A}.Release|Any CPU.Build.0 = Release|Any CPU
	EndGlobalSection
	GlobalSection(SolutionProperties) = preSolution
		HideSolutionNode = FALSE
	EndGlobalSection
	GlobalSection(ExtensibilityGlobals) = postSolution
		SolutionGuid = {EBD5628F-3D5C-497B-BFFB-57D668AA891D}
	EndGlobalSection
EndGlobal
